
Microsoft Visual Studio Solution File, Format Version 12.00
# Visual Studio 14
VisualStudioVersion = 14.0.23107.0
MinimumVisualStudioVersion = 10.0.40219.1
Project("{FAE04EC0-301F-11D3-BF4B-00C04F79EFBC}") = "CustomerDemo", "CustomerDemo\CustomerDemo.csproj", "{E15F5C30-1346-416C-8F1A-87C231BAC7D0}"
EndProject
Project("{FAE04EC0-301F-11D3-BF4B-00C04F79EFBC}") = "MiddleLayer", "MiddleLayer\MiddleLayer.csproj", "{AA423677-E9A4-4EB9-A964-749B65C4423B}"
EndProject
Project("{FAE04EC0-301F-11D3-BF4B-00C04F79EFBC}") = "ValidationAlgorithms", "ValidationAlgorithms\ValidationAlgorithms.csproj", "{2B856A77-8224-4500-A3C3-40BCD00BAAD6}"
EndProject
Project("{FAE04EC0-301F-11D3-BF4B-00C04F79EFBC}") = "InterfaceCustomer", "InterfaceCustomer\InterfaceCustomer.csproj", "{A2FF6B5E-DEB6-485E-8447-99A9745632BC}"
EndProject
Project("{FAE04EC0-301F-11D3-BF4B-00C04F79EFBC}") = "FactoryCustomer", "FactoryCustomer\FactoryCustomer.csproj", "{A47E09C7-84D3-4ACC-AEF3-320F7C0460EC}"
EndProject
Global
	GlobalSection(SolutionConfigurationPlatforms) = preSolution
		Debug|Any CPU = Debug|Any CPU
		Release|Any CPU = Release|Any CPU
	EndGlobalSection
	GlobalSection(ProjectConfigurationPlatforms) = postSolution
		{E15F5C30-1346-416C-8F1A-87C231BAC7D0}.Debug|Any CPU.ActiveCfg = Debug|Any CPU
		{E15F5C30-1346-416C-8F1A-87C231BAC7D0}.Debug|Any CPU.Build.0 = Debug|Any CPU
		{E15F5C30-1346-416C-8F1A-87C231BAC7D0}.Release|Any CPU.ActiveCfg = Release|Any CPU
		{E15F5C30-1346-416C-8F1A-87C231BAC7D0}.Release|Any CPU.Build.0 = Release|Any CPU
		{AA423677-E9A4-4EB9-A964-749B65C4423B}.Debug|Any CPU.ActiveCfg = Debug|Any CPU
		{AA423677-E9A4-4EB9-A964-749B65C4423B}.Debug|Any CPU.Build.0 = Debug|Any CPU
		{AA423677-E9A4-4EB9-A964-749B65C4423B}.Release|Any CPU.ActiveCfg = Release|Any CPU
		{AA423677-E9A4-4EB9-A964-749B65C4423B}.Release|Any CPU.Build.0 = Release|Any CPU
		{2B856A77-8224-4500-A3C3-40BCD00BAAD6}.Debug|Any CPU.ActiveCfg = Debug|Any CPU
		{2B856A77-8224-4500-A3C3-40BCD00BAAD6}.Debug|Any CPU.Build.0 = Debug|Any CPU
		{2B856A77-8224-4500-A3C3-40BCD00BAAD6}.Release|Any CPU.ActiveCfg = Release|Any CPU
		{2B856A77-8224-4500-A3C3-40BCD00BAAD6}.Release|Any CPU.Build.0 = Release|Any CPU
		{A2FF6B5E-DEB6-485E-8447-99A9745632BC}.Debug|Any CPU.ActiveCfg = Debug|Any CPU
		{A2FF6B5E-DEB6-485E-8447-99A9745632BC}.Debug|Any CPU.Build.0 = Debug|Any CPU
		{A2FF6B5E-DEB6-485E-8447-99A9745632BC}.Release|Any CPU.ActiveCfg = Release|Any CPU
		{A2FF6B5E-DEB6-485E-8447-99A9745632BC}.Release|Any CPU.Build.0 = Release|Any CPU
		{A47E09C7-84D3-4ACC-AEF3-320F7C0460EC}.Debug|Any CPU.ActiveCfg = Debug|Any CPU
		{A47E09C7-84D3-4ACC-AEF3-320F7C0460EC}.Debug|Any CPU.Build.0 = Debug|Any CPU
		{A47E09C7-84D3-4ACC-AEF3-320F7C0460EC}.Release|Any CPU.ActiveCfg = Release|Any CPU
		{A47E09C7-84D3-4ACC-AEF3-320F7C0460EC}.Release|Any CPU.Build.0 = Release|Any CPU
	EndGlobalSection
	GlobalSection(SolutionProperties) = preSolution
		HideSolutionNode = FALSE
	EndGlobalSection
EndGlobal
